// !$*UTF8*$!
{
	archiveVersion = 1;
	classes = {
	};
	objectVersion = 77;
	objects = {

/* Begin PBXContainerItemProxy section */
		39730B772DC56FE6009CD03A /* PBXContainerItemProxy */ = {
			isa = PBXContainerItemProxy;
			containerPortal = 39730B5F2DC56FE5009CD03A /* Project object */;
			proxyType = 1;
			remoteGlobalIDString = 39730B662DC56FE5009CD03A;
			remoteInfo = "Sudoku Master";
		};
		39730B812DC56FE6009CD03A /* PBXContainerItemProxy */ = {
			isa = PBXContainerItemProxy;
			containerPortal = 39730B5F2DC56FE5009CD03A /* Project object */;
			proxyType = 1;
			remoteGlobalIDString = 39730B662DC56FE5009CD03A;
			remoteInfo = "Sudoku Master";
		};
/* End PBXContainerItemProxy section */

/* Begin PBXFileReference section */
		39730B672DC56FE5009CD03A /* Sudoku Master.app */ = {isa = PBXFileReference; explicitFileType = wrapper.application; includeInIndex = 0; path = "Sudoku Master.app"; sourceTree = BUILT_PRODUCTS_DIR; };
		39730B762DC56FE6009CD03A /* Sudoku MasterTests.xctest */ = {isa = PBXFileReference; explicitFileType = wrapper.cfbundle; includeInIndex = 0; path = "Sudoku MasterTests.xctest"; sourceTree = BUILT_PRODUCTS_DIR; };
		39730B802DC56FE6009CD03A /* Sudoku MasterUITests.xctest */ = {isa = PBXFileReference; explicitFileType = wrapper.cfbundle; includeInIndex = 0; path = "Sudoku MasterUITests.xctest"; sourceTree = BUILT_PRODUCTS_DIR; };
/* End PBXFileReference section */

/* Begin PBXFileSystemSynchronizedRootGroup section */
		39730B692DC56FE5009CD03A /* Sudoku Master */ = {
			isa = PBXFileSystemSynchronizedRootGroup;
			path = "Sudoku Master";
			sourceTree = "<group>";
		};
		39730B792DC56FE6009CD03A /* Sudoku MasterTests */ = {
			isa = PBXFileSystemSynchronizedRootGroup;
			path = "Sudoku MasterTests";
			sourceTree = "<group>";
		};
		39730B832DC56FE6009CD03A /* Sudoku MasterUITests */ = {
			isa = PBXFileSystemSynchronizedRootGroup;
			path = "Sudoku MasterUITests";
			sourceTree = "<group>";
		};
/* End PBXFileSystemSynchronizedRootGroup section */

/* Begin PBXFrameworksBuildPhase section */
		39730B642DC56FE5009CD03A /* Frameworks */ = {
			isa = PBXFrameworksBuildPhase;
			buildActionMask = 2147483647;
			files = (
			);
			runOnlyForDeploymentPostprocessing = 0;
		};
		39730B732DC56FE6009CD03A /* Frameworks */ = {
			isa = PBXFrameworksBuildPhase;
			buildActionMask = 2147483647;
			files = (
			);
			runOnlyForDeploymentPostprocessing = 0;
		};
		39730B7D2DC56FE6009CD03A /* Frameworks */ = {
			isa = PBXFrameworksBuildPhase;
			buildActionMask = 2147483647;
			files = (
			);
			runOnlyForDeploymentPostprocessing = 0;
		};
/* End PBXFrameworksBuildPhase section */

/* Begin PBXGroup section */
		39730B5E2DC56FE5009CD03A = {
			isa = PBXGroup;
			children = (
				39730B692DC56FE5009CD03A /* Sudoku Master */,
				39730B792DC56FE6009CD03A /* Sudoku MasterTests */,
				39730B832DC56FE6009CD03A /* Sudoku MasterUITests */,
				39730B682DC56FE5009CD03A /* Products */,
			);
			sourceTree = "<group>";
		};
		39730B682DC56FE5009CD03A /* Products */ = {
			isa = PBXGroup;
			children = (
				39730B672DC56FE5009CD03A /* Sudoku Master.app */,
				39730B762DC56FE6009CD03A /* Sudoku MasterTests.xctest */,
				39730B802DC56FE6009CD03A /* Sudoku MasterUITests.xctest */,
			);
			name = Products;
			sourceTree = "<group>";
		};
/* End PBXGroup section */

/* Begin PBXNativeTarget section */
		39730B662DC56FE5009CD03A /* Sudoku Master */ = {
			isa = PBXNativeTarget;
			buildConfigurationList = 39730B8A2DC56FE7009CD03A /* Build configuration list for PBXNativeTarget "Sudoku Master" */;
			buildPhases = (
				39730B632DC56FE5009CD03A /* Sources */,
				39730B642DC56FE5009CD03A /* Frameworks */,
				39730B652DC56FE5009CD03A /* Resources */,
			);
			buildRules = (
			);
			dependencies = (
			);
			fileSystemSynchronizedGroups = (
				39730B692DC56FE5009CD03A /* Sudoku Master */,
			);
			name = "Sudoku Master";
			packageProductDependencies = (
			);
			productName = "Sudoku Master";
			productReference = 39730B672DC56FE5009CD03A /* Sudoku Master.app */;
			productType = "com.apple.product-type.application";
		};
		39730B752DC56FE6009CD03A /* Sudoku MasterTests */ = {
			isa = PBXNativeTarget;
			buildConfigurationList = 39730B8D2DC56FE7009CD03A /* Build configuration list for PBXNativeTarget "Sudoku MasterTests" */;
			buildPhases = (
				39730B722DC56FE6009CD03A /* Sources */,
				39730B732DC56FE6009CD03A /* Frameworks */,
				39730B742DC56FE6009CD03A /* Resources */,
			);
			buildRules = (
			);
			dependencies = (
				39730B782DC56FE6009CD03A /* PBXTargetDependency */,
			);
			fileSystemSynchronizedGroups = (
				39730B792DC56FE6009CD03A /* Sudoku MasterTests */,
			);
			name = "Sudoku MasterTests";
			packageProductDependencies = (
			);
			productName = "Sudoku MasterTests";
			productReference = 39730B762DC56FE6009CD03A /* Sudoku MasterTests.xctest */;
			productType = "com.apple.product-type.bundle.unit-test";
		};
		39730B7F2DC56FE6009CD03A /* Sudoku MasterUITests */ = {
			isa = PBXNativeTarget;
			buildConfigurationList = 39730B902DC56FE7009CD03A /* Build configuration list for PBXNativeTarget "Sudoku MasterUITests" */;
			buildPhases = (
				39730B7C2DC56FE6009CD03A /* Sources */,
				39730B7D2DC56FE6009CD03A /* Frameworks */,
				39730B7E2DC56FE6009CD03A /* Resources */,
			);
			buildRules = (
			);
			dependencies = (
				39730B822DC56FE6009CD03A /* PBXTargetDependency */,
			);
			fileSystemSynchronizedGroups = (
				39730B832DC56FE6009CD03A /* Sudoku MasterUITests */,
			);
			name = "Sudoku MasterUITests";
			packageProductDependencies = (
			);
			productName = "Sudoku MasterUITests";
			productReference = 39730B802DC56FE6009CD03A /* Sudoku MasterUITests.xctest */;
			productType = "com.apple.product-type.bundle.ui-testing";
		};
/* End PBXNativeTarget section */

/* Begin PBXProject section */
		39730B5F2DC56FE5009CD03A /* Project object */ = {
			isa = PBXProject;
			attributes = {
				BuildIndependentTargetsInParallel = 1;
				LastSwiftUpdateCheck = 1630;
				LastUpgradeCheck = 1630;
				TargetAttributes = {
					39730B662DC56FE5009CD03A = {
						CreatedOnToolsVersion = 16.3;
					};
					39730B752DC56FE6009CD03A = {
						CreatedOnToolsVersion = 16.3;
						TestTargetID = 39730B662DC56FE5009CD03A;
					};
					39730B7F2DC56FE6009CD03A = {
						CreatedOnToolsVersion = 16.3;
						TestTargetID = 39730B662DC56FE5009CD03A;
					};
				};
			};
			buildConfigurationList = 39730B622DC56FE5009CD03A /* Build configuration list for PBXProject "Sudoku Master" */;
			developmentRegion = en;
			hasScannedForEncodings = 0;
			knownRegions = (
				en,
				Base,
			);
			mainGroup = 39730B5E2DC56FE5009CD03A;
			minimizedProjectReferenceProxies = 1;
			preferredProjectObjectVersion = 77;
			productRefGroup = 39730B682DC56FE5009CD03A /* Products */;
			projectDirPath = "";
			projectRoot = "";
			targets = (
				39730B662DC56FE5009CD03A /* Sudoku Master */,
				39730B752DC56FE6009CD03A /* Sudoku MasterTests */,
				39730B7F2DC56FE6009CD03A /* Sudoku MasterUITests */,
			);
		};
/* End PBXProject section */

/* Begin PBXResourcesBuildPhase section */
		39730B652DC56FE5009CD03A /* Resources */ = {
			isa = PBXResourcesBuildPhase;
			buildActionMask = 2147483647;
			files = (
			);
			runOnlyForDeploymentPostprocessing = 0;
		};
		39730B742DC56FE6009CD03A /* Resources */ = {
			isa = PBXResourcesBuildPhase;
			buildActionMask = 2147483647;
			files = (
			);
			runOnlyForDeploymentPostprocessing = 0;
		};
		39730B7E2DC56FE6009CD03A /* Resources */ = {
			isa = PBXResourcesBuildPhase;
			buildActionMask = 2147483647;
			files = (
			);
			runOnlyForDeploymentPostprocessing = 0;
		};
/* End PBXResourcesBuildPhase section */

/* Begin PBXSourcesBuildPhase section */
		39730B632DC56FE5009CD03A /* Sources */ = {
			isa = PBXSourcesBuildPhase;
			buildActionMask = 2147483647;
			files = (
			);
			runOnlyForDeploymentPostprocessing = 0;
		};
		39730B722DC56FE6009CD03A /* Sources */ = {
			isa = PBXSourcesBuildPhase;
			buildActionMask = 2147483647;
			files = (
			);
			runOnlyForDeploymentPostprocessing = 0;
		};
		39730B7C2DC56FE6009CD03A /* Sources */ = {
			isa = PBXSourcesBuildPhase;
			buildActionMask = 2147483647;
			files = (
			);
			runOnlyForDeploymentPostprocessing = 0;
		};
/* End PBXSourcesBuildPhase section */

/* Begin PBXTargetDependency section */
		39730B782DC56FE6009CD03A /* PBXTargetDependency */ = {
			isa = PBXTargetDependency;
			target = 39730B662DC56FE5009CD03A /* Sudoku Master */;
			targetProxy = 39730B772DC56FE6009CD03A /* PBXContainerItemProxy */;
		};
		39730B822DC56FE6009CD03A /* PBXTargetDependency */ = {
			isa = PBXTargetDependency;
			target = 39730B662DC56FE5009CD03A /* Sudoku Master */;
			targetProxy = 39730B812DC56FE6009CD03A /* PBXContainerItemProxy */;
		};
/* End PBXTargetDependency section */

/* Begin XCBuildConfiguration section */
		39730B882DC56FE7009CD03A /* Debug */ = {
			isa = XCBuildConfiguration;
			buildSettings = {
				ALWAYS_SEARCH_USER_PATHS = NO;
				ASSETCATALOG_COMPILER_GENERATE_SWIFT_ASSET_SYMBOL_EXTENSIONS = YES;
				CLANG_ANALYZER_NONNULL = YES;
				CLANG_ANALYZER_NUMBER_OBJECT_CONVERSION = YES_AGGRESSIVE;
				CLANG_CXX_LANGUAGE_STANDARD = "gnu++20";
				CLANG_ENABLE_MODULES = YES;
				CLANG_ENABLE_OBJC_ARC = YES;
				CLANG_ENABLE_OBJC_WEAK = YES;
				CLANG_WARN_BLOCK_CAPTURE_AUTORELEASING = YES;
				CLANG_WARN_BOOL_CONVERSION = YES;
				CLANG_WARN_COMMA = YES;
				CLANG_WARN_CONSTANT_CONVERSION = YES;
				CLANG_WARN_DEPRECATED_OBJC_IMPLEMENTATIONS = YES;
				CLANG_WARN_DIRECT_OBJC_ISA_USAGE = YES_ERROR;
				CLANG_WARN_DOCUMENTATION_COMMENTS = YES;
				CLANG_WARN_EMPTY_BODY = YES;
				CLANG_WARN_ENUM_CONVERSION = YES;
				CLANG_WARN_INFINITE_RECURSION = YES;
				CLANG_WARN_INT_CONVERSION = YES;
				CLANG_WARN_NON_LITERAL_NULL_CONVERSION = YES;
				CLANG_WARN_OBJC_IMPLICIT_RETAIN_SELF = YES;
				CLANG_WARN_OBJC_LITERAL_CONVERSION = YES;
				CLANG_WARN_OBJC_ROOT_CLASS = YES_ERROR;
				CLANG_WARN_QUOTED_INCLUDE_IN_FRAMEWORK_HEADER = YES;
				CLANG_WARN_RANGE_LOOP_ANALYSIS = YES;
				CLANG_WARN_STRICT_PROTOTYPES = YES;
				CLANG_WARN_SUSPICIOUS_MOVE = YES;
				CLANG_WARN_UNGUARDED_AVAILABILITY = YES_AGGRESSIVE;
				CLANG_WARN_UNREACHABLE_CODE = YES;
				CLANG_WARN__DUPLICATE_METHOD_MATCH = YES;
				COPY_PHASE_STRIP = NO;
				DEBUG_INFORMATION_FORMAT = dwarf;
				DEVELOPMENT_TEAM = J5ZSGU2725;
				ENABLE_STRICT_OBJC_MSGSEND = YES;
				ENABLE_TESTABILITY = YES;
				ENABLE_USER_SCRIPT_SANDBOXING = YES;
				GCC_C_LANGUAGE_STANDARD = gnu17;
				GCC_DYNAMIC_NO_PIC = NO;
				GCC_NO_COMMON_BLOCKS = YES;
				GCC_OPTIMIZATION_LEVEL = 0;
				GCC_PREPROCESSOR_DEFINITIONS = (
					"DEBUG=1",
					"$(inherited)",
				);
				GCC_WARN_64_TO_32_BIT_CONVERSION = YES;
				GCC_WARN_ABOUT_RETURN_TYPE = YES_ERROR;
				GCC_WARN_UNDECLARED_SELECTOR = YES;
				GCC_WARN_UNINITIALIZED_AUTOS = YES_AGGRESSIVE;
				GCC_WARN_UNUSED_FUNCTION = YES;
				GCC_WARN_UNUSED_VARIABLE = YES;
				IPHONEOS_DEPLOYMENT_TARGET = 18.4;
				LOCALIZATION_PREFERS_STRING_CATALOGS = YES;
				MTL_ENABLE_DEBUG_INFO = INCLUDE_SOURCE;
				MTL_FAST_MATH = YES;
				ONLY_ACTIVE_ARCH = YES;
				SDKROOT = iphoneos;
				SWIFT_ACTIVE_COMPILATION_CONDITIONS = "DEBUG $(inherited)";
				SWIFT_OPTIMIZATION_LEVEL = "-Onone";
			};
			name = Debug;
		};
		39730B892DC56FE7009CD03A /* Release */ = {
			isa = XCBuildConfiguration;
			buildSettings = {
				ALWAYS_SEARCH_USER_PATHS = NO;
				ASSETCATALOG_COMPILER_GENERATE_SWIFT_ASSET_SYMBOL_EXTENSIONS = YES;
				CLANG_ANALYZER_NONNULL = YES;
				CLANG_ANALYZER_NUMBER_OBJECT_CONVERSION = YES_AGGRESSIVE;
				CLANG_CXX_LANGUAGE_STANDARD = "gnu++20";
				CLANG_ENABLE_MODULES = YES;
				CLANG_ENABLE_OBJC_ARC = YES;
				CLANG_ENABLE_OBJC_WEAK = YES;
				CLANG_WARN_BLOCK_CAPTURE_AUTORELEASING = YES;
				CLANG_WARN_BOOL_CONVERSION = YES;
				CLANG_WARN_COMMA = YES;
				CLANG_WARN_CONSTANT_CONVERSION = YES;
				CLANG_WARN_DEPRECATED_OBJC_IMPLEMENTATIONS = YES;
				CLANG_WARN_DIRECT_OBJC_ISA_USAGE = YES_ERROR;
				CLANG_WARN_DOCUMENTATION_COMMENTS = YES;
				CLANG_WARN_EMPTY_BODY = YES;
				CLANG_WARN_ENUM_CONVERSION = YES;
				CLANG_WARN_INFINITE_RECURSION = YES;
				CLANG_WARN_INT_CONVERSION = YES;
				CLANG_WARN_NON_LITERAL_NULL_CONVERSION = YES;
				CLANG_WARN_OBJC_IMPLICIT_RETAIN_SELF = YES;
				CLANG_WARN_OBJC_LITERAL_CONVERSION = YES;
				CLANG_WARN_OBJC_ROOT_CLASS = YES_ERROR;
				CLANG_WARN_QUOTED_INCLUDE_IN_FRAMEWORK_HEADER = YES;
				CLANG_WARN_RANGE_LOOP_ANALYSIS = YES;
				CLANG_WARN_STRICT_PROTOTYPES = YES;
				CLANG_WARN_SUSPICIOUS_MOVE = YES;
				CLANG_WARN_UNGUARDED_AVAILABILITY = YES_AGGRESSIVE;
				CLANG_WARN_UNREACHABLE_CODE = YES;
				CLANG_WARN__DUPLICATE_METHOD_MATCH = YES;
				COPY_PHASE_STRIP = NO;
				DEBUG_INFORMATION_FORMAT = "dwarf-with-dsym";
				DEVELOPMENT_TEAM = J5ZSGU2725;
				ENABLE_NS_ASSERTIONS = NO;
				ENABLE_STRICT_OBJC_MSGSEND = YES;
				ENABLE_USER_SCRIPT_SANDBOXING = YES;
				GCC_C_LANGUAGE_STANDARD = gnu17;
				GCC_NO_COMMON_BLOCKS = YES;
				GCC_WARN_64_TO_32_BIT_CONVERSION = YES;
				GCC_WARN_ABOUT_RETURN_TYPE = YES_ERROR;
				GCC_WARN_UNDECLARED_SELECTOR = YES;
				GCC_WARN_UNINITIALIZED_AUTOS = YES_AGGRESSIVE;
				GCC_WARN_UNUSED_FUNCTION = YES;
				GCC_WARN_UNUSED_VARIABLE = YES;
				IPHONEOS_DEPLOYMENT_TARGET = 18.4;
				LOCALIZATION_PREFERS_STRING_CATALOGS = YES;
				MTL_ENABLE_DEBUG_INFO = NO;
				MTL_FAST_MATH = YES;
				SDKROOT = iphoneos;
				SWIFT_COMPILATION_MODE = wholemodule;
				VALIDATE_PRODUCT = YES;
			};
			name = Release;
		};
		39730B8B2DC56FE7009CD03A /* Debug */ = {
			isa = XCBuildConfiguration;
			buildSettings = {
				ASSETCATALOG_COMPILER_APPICON_NAME = AppIcon;
				ASSETCATALOG_COMPILER_GLOBAL_ACCENT_COLOR_NAME = AccentColor;
				CODE_SIGN_STYLE = Automatic;
				CURRENT_PROJECT_VERSION = 1;
				DEVELOPMENT_TEAM = J5ZSGU2725;
				ENABLE_PREVIEWS = YES;
				GENERATE_INFOPLIST_FILE = YES;
				INFOPLIST_KEY_UIApplicationSceneManifest_Generation = YES;
				INFOPLIST_KEY_UIApplicationSupportsIndirectInputEvents = YES;
				INFOPLIST_KEY_UILaunchScreen_Generation = YES;
				INFOPLIST_KEY_UISupportedInterfaceOrientations_iPad = "UIInterfaceOrientationPortrait UIInterfaceOrientationPortraitUpsideDown UIInterfaceOrientationLandscapeLeft UIInterfaceOrientationLandscapeRight";
				INFOPLIST_KEY_UISupportedInterfaceOrientations_iPhone = "UIInterfaceOrientationPortrait UIInterfaceOrientationLandscapeLeft UIInterfaceOrientationLandscapeRight";
				LD_RUNPATH_SEARCH_PATHS = (
					"$(inherited)",
					"@executable_path/Frameworks",
				);
				MARKETING_VERSION = 1.0;
				PRODUCT_BUNDLE_IDENTIFIER = "PG-FSB.Sudoku-Master";
				PRODUCT_NAME = "$(TARGET_NAME)";
				SWIFT_EMIT_LOC_STRINGS = YES;
				SWIFT_VERSION = 5.0;
				TARGETED_DEVICE_FAMILY = "1,2";
			};
			name = Debug;
		};
		39730B8C2DC56FE7009CD03A /* Release */ = {
			isa = XCBuildConfiguration;
			buildSettings = {
				ASSETCATALOG_COMPILER_APPICON_NAME = AppIcon;
				ASSETCATALOG_COMPILER_GLOBAL_ACCENT_COLOR_NAME = AccentColor;
				CODE_SIGN_STYLE = Automatic;
				CURRENT_PROJECT_VERSION = 1;
				DEVELOPMENT_TEAM = J5ZSGU2725;
				ENABLE_PREVIEWS = YES;
				GENERATE_INFOPLIST_FILE = YES;
				INFOPLIST_KEY_UIApplicationSceneManifest_Generation = YES;
				INFOPLIST_KEY_UIApplicationSupportsIndirectInputEvents = YES;
				INFOPLIST_KEY_UILaunchScreen_Generation = YES;
				INFOPLIST_KEY_UISupportedInterfaceOrientations_iPad = "UIInterfaceOrientationPortrait UIInterfaceOrientationPortraitUpsideDown UIInterfaceOrientationLandscapeLeft UIInterfaceOrientationLandscapeRight";
				INFOPLIST_KEY_UISupportedInterfaceOrientations_iPhone = "UIInterfaceOrientationPortrait UIInterfaceOrientationLandscapeLeft UIInterfaceOrientationLandscapeRight";
				LD_RUNPATH_SEARCH_PATHS = (
					"$(inherited)",
					"@executable_path/Frameworks",
				);
				MARKETING_VERSION = 1.0;
				PRODUCT_BUNDLE_IDENTIFIER = "PG-FSB.Sudoku-Master";
				PRODUCT_NAME = "$(TARGET_NAME)";
				SWIFT_EMIT_LOC_STRINGS = YES;
				SWIFT_VERSION = 5.0;
				TARGETED_DEVICE_FAMILY = "1,2";
			};
			name = Release;
		};
		39730B8E2DC56FE7009CD03A /* Debug */ = {
			isa = XCBuildConfiguration;
			buildSettings = {
				BUNDLE_LOADER = "$(TEST_HOST)";
				CODE_SIGN_STYLE = Automatic;
				CURRENT_PROJECT_VERSION = 1;
				DEVELOPMENT_TEAM = J5ZSGU2725;
				GENERATE_INFOPLIST_FILE = YES;
				IPHONEOS_DEPLOYMENT_TARGET = 18.4;
				MARKETING_VERSION = 1.0;
				PRODUCT_BUNDLE_IDENTIFIER = "PG-FSB.Sudoku-MasterTests";
				PRODUCT_NAME = "$(TARGET_NAME)";
				SWIFT_EMIT_LOC_STRINGS = NO;
				SWIFT_VERSION = 5.0;
				TARGETED_DEVICE_FAMILY = "1,2";
				TEST_HOST = "$(BUILT_PRODUCTS_DIR)/Sudoku Master.app/$(BUNDLE_EXECUTABLE_FOLDER_PATH)/Sudoku Master";
			};
			name = Debug;
		};
		39730B8F2DC56FE7009CD03A /* Release */ = {
			isa = XCBuildConfiguration;
			buildSettings = {
				BUNDLE_LOADER = "$(TEST_HOST)";
				CODE_SIGN_STYLE = Automatic;
				CURRENT_PROJECT_VERSION = 1;
				DEVELOPMENT_TEAM = J5ZSGU2725;
				GENERATE_INFOPLIST_FILE = YES;
				IPHONEOS_DEPLOYMENT_TARGET = 18.4;
				MARKETING_VERSION = 1.0;
				PRODUCT_BUNDLE_IDENTIFIER = "PG-FSB.Sudoku-MasterTests";
				PRODUCT_NAME = "$(TARGET_NAME)";
				SWIFT_EMIT_LOC_STRINGS = NO;
				SWIFT_VERSION = 5.0;
				TARGETED_DEVICE_FAMILY = "1,2";
				TEST_HOST = "$(BUILT_PRODUCTS_DIR)/Sudoku Master.app/$(BUNDLE_EXECUTABLE_FOLDER_PATH)/Sudoku Master";
			};
			name = Release;
		};
		39730B912DC56FE7009CD03A /* Debug */ = {
			isa = XCBuildConfiguration;
			buildSettings = {
				CODE_SIGN_STYLE = Automatic;
				CURRENT_PROJECT_VERSION = 1;
				DEVELOPMENT_TEAM = J5ZSGU2725;
				GENERATE_INFOPLIST_FILE = YES;
				MARKETING_VERSION = 1.0;
				PRODUCT_BUNDLE_IDENTIFIER = "PG-FSB.Sudoku-MasterUITests";
				PRODUCT_NAME = "$(TARGET_NAME)";
				SWIFT_EMIT_LOC_STRINGS = NO;
				SWIFT_VERSION = 5.0;
				TARGETED_DEVICE_FAMILY = "1,2";
				TEST_TARGET_NAME = "Sudoku Master";
			};
			name = Debug;
		};
		39730B922DC56FE7009CD03A /* Release */ = {
			isa = XCBuildConfiguration;
			buildSettings = {
				CODE_SIGN_STYLE = Automatic;
				CURRENT_PROJECT_VERSION = 1;
				DEVELOPMENT_TEAM = J5ZSGU2725;
				GENERATE_INFOPLIST_FILE = YES;
				MARKETING_VERSION = 1.0;
				PRODUCT_BUNDLE_IDENTIFIER = "PG-FSB.Sudoku-MasterUITests";
				PRODUCT_NAME = "$(TARGET_NAME)";
				SWIFT_EMIT_LOC_STRINGS = NO;
				SWIFT_VERSION = 5.0;
				TARGETED_DEVICE_FAMILY = "1,2";
				TEST_TARGET_NAME = "Sudoku Master";
			};
			name = Release;
		};
/* End XCBuildConfiguration section */

/* Begin XCConfigurationList section */
		39730B622DC56FE5009CD03A /* Build configuration list for PBXProject "Sudoku Master" */ = {
			isa = XCConfigurationList;
			buildConfigurations = (
				39730B882DC56FE7009CD03A /* Debug */,
				39730B892DC56FE7009CD03A /* Release */,
			);
			defaultConfigurationIsVisible = 0;
			defaultConfigurationName = Release;
		};
		39730B8A2DC56FE7009CD03A /* Build configuration list for PBXNativeTarget "Sudoku Master" */ = {
			isa = XCConfigurationList;
			buildConfigurations = (
				39730B8B2DC56FE7009CD03A /* Debug */,
				39730B8C2DC56FE7009CD03A /* Release */,
			);
			defaultConfigurationIsVisible = 0;
			defaultConfigurationName = Release;
		};
		39730B8D2DC56FE7009CD03A /* Build configuration list for PBXNativeTarget "Sudoku MasterTests" */ = {
			isa = XCConfigurationList;
			buildConfigurations = (
				39730B8E2DC56FE7009CD03A /* Debug */,
				39730B8F2DC56FE7009CD03A /* Release */,
			);
			defaultConfigurationIsVisible = 0;
			defaultConfigurationName = Release;
		};
		39730B902DC56FE7009CD03A /* Build configuration list for PBXNativeTarget "Sudoku MasterUITests" */ = {
			isa = XCConfigurationList;
			buildConfigurations = (
				39730B912DC56FE7009CD03A /* Debug */,
				39730B922DC56FE7009CD03A /* Release */,
			);
			defaultConfigurationIsVisible = 0;
			defaultConfigurationName = Release;
		};
/* End XCConfigurationList section */
	};
	rootObject = 39730B5F2DC56FE5009CD03A /* Project object */;
}
